
Microsoft Visual Studio Solution File, Format Version 12.00
# Visual Studio Version 16
VisualStudioVersion = 16.0.29326.143
MinimumVisualStudioVersion = 10.0.40219.1
Project("{FAE04EC0-301F-11D3-BF4B-00C04F79EFBC}") = "WeatherForecast.Web", "WeatherForecast.Web\WeatherForecast.Web.csproj", "{C3860797-E5D1-4F0F-BF86-24E8716262A6}"
EndProject
Project("{FAE04EC0-301F-11D3-BF4B-00C04F79EFBC}") = "WeatherForecast.Service", "WeatherForecast.Service\WeatherForecast.Service.csproj", "{87978496-AB27-424A-BEFF-319EED65699F}"
EndProject
Global
	GlobalSection(SolutionConfigurationPlatforms) = preSolution
		Debug|Any CPU = Debug|Any CPU
		Release|Any CPU = Release|Any CPU
	EndGlobalSection
	GlobalSection(ProjectConfigurationPlatforms) = postSolution
		{C3860797-E5D1-4F0F-BF86-24E8716262A6}.Debug|Any CPU.ActiveCfg = Debug|Any CPU
		{C3860797-E5D1-4F0F-BF86-24E8716262A6}.Debug|Any CPU.Build.0 = Debug|Any CPU
		{C3860797-E5D1-4F0F-BF86-24E8716262A6}.Release|Any CPU.ActiveCfg = Release|Any CPU
		{C3860797-E5D1-4F0F-BF86-24E8716262A6}.Release|Any CPU.Build.0 = Release|Any CPU
		{87978496-AB27-424A-BEFF-319EED65699F}.Debug|Any CPU.ActiveCfg = Debug|Any CPU
		{87978496-AB27-424A-BEFF-319EED65699F}.Debug|Any CPU.Build.0 = Debug|Any CPU
		{87978496-AB27-424A-BEFF-319EED65699F}.Release|Any CPU.ActiveCfg = Release|Any CPU
		{87978496-AB27-424A-BEFF-319EED65699F}.Release|Any CPU.Build.0 = Release|Any CPU
	EndGlobalSection
	GlobalSection(SolutionProperties) = preSolution
		HideSolutionNode = FALSE
	EndGlobalSection
	GlobalSection(ExtensibilityGlobals) = postSolution
		SolutionGuid = {D2A72AC6-6008-45F3-8CBC-BB9C2883DCD4}
	EndGlobalSection
EndGlobal
